
Microsoft Visual Studio Solution File, Format Version 12.00
# Visual Studio 15
VisualStudioVersion = 15.0.26124.0
MinimumVisualStudioVersion = 15.0.26124.0
Project("{FAE04EC0-301F-11D3-BF4B-00C04F79EFBC}") = "PizzaBox.Client", "PizzaBox.Client\PizzaBox.Client.csproj", "{43DD4130-C66C-48D6-BDBE-AE0F68B2BF8C}"
EndProject
Project("{FAE04EC0-301F-11D3-BF4B-00C04F79EFBC}") = "PizzaBox.Domain", "PizzaBox.Domain\PizzaBox.Domain.csproj", "{7E90004E-140E-4899-8F81-80639C272DDE}"
EndProject
Project("{FAE04EC0-301F-11D3-BF4B-00C04F79EFBC}") = "PizzaBox.Testing", "PizzaBox.Testing\PizzaBox.Testing.csproj", "{13246BAD-76A1-48A9-9225-F2A67E13C41B}"
EndProject
Project("{FAE04EC0-301F-11D3-BF4B-00C04F79EFBC}") = "PizzaBox.Storing", "PizzaBox.Storing\PizzaBox.Storing.csproj", "{3CD5FBEA-D005-4E6A-9D0E-F3B672656E8C}"
EndProject
Global
	GlobalSection(SolutionConfigurationPlatforms) = preSolution
		Debug|Any CPU = Debug|Any CPU
		Debug|x64 = Debug|x64
		Debug|x86 = Debug|x86
		Release|Any CPU = Release|Any CPU
		Release|x64 = Release|x64
		Release|x86 = Release|x86
	EndGlobalSection
	GlobalSection(SolutionProperties) = preSolution
		HideSolutionNode = FALSE
	EndGlobalSection
	GlobalSection(ProjectConfigurationPlatforms) = postSolution
		{43DD4130-C66C-48D6-BDBE-AE0F68B2BF8C}.Debug|Any CPU.ActiveCfg = Debug|Any CPU
		{43DD4130-C66C-48D6-BDBE-AE0F68B2BF8C}.Debug|Any CPU.Build.0 = Debug|Any CPU
		{43DD4130-C66C-48D6-BDBE-AE0F68B2BF8C}.Debug|x64.ActiveCfg = Debug|Any CPU
		{43DD4130-C66C-48D6-BDBE-AE0F68B2BF8C}.Debug|x64.Build.0 = Debug|Any CPU
		{43DD4130-C66C-48D6-BDBE-AE0F68B2BF8C}.Debug|x86.ActiveCfg = Debug|Any CPU
		{43DD4130-C66C-48D6-BDBE-AE0F68B2BF8C}.Debug|x86.Build.0 = Debug|Any CPU
		{43DD4130-C66C-48D6-BDBE-AE0F68B2BF8C}.Release|Any CPU.ActiveCfg = Release|Any CPU
		{43DD4130-C66C-48D6-BDBE-AE0F68B2BF8C}.Release|Any CPU.Build.0 = Release|Any CPU
		{43DD4130-C66C-48D6-BDBE-AE0F68B2BF8C}.Release|x64.ActiveCfg = Release|Any CPU
		{43DD4130-C66C-48D6-BDBE-AE0F68B2BF8C}.Release|x64.Build.0 = Release|Any CPU
		{43DD4130-C66C-48D6-BDBE-AE0F68B2BF8C}.Release|x86.ActiveCfg = Release|Any CPU
		{43DD4130-C66C-48D6-BDBE-AE0F68B2BF8C}.Release|x86.Build.0 = Release|Any CPU
		{7E90004E-140E-4899-8F81-80639C272DDE}.Debug|Any CPU.ActiveCfg = Debug|Any CPU
		{7E90004E-140E-4899-8F81-80639C272DDE}.Debug|Any CPU.Build.0 = Debug|Any CPU
		{7E90004E-140E-4899-8F81-80639C272DDE}.Debug|x64.ActiveCfg = Debug|Any CPU
		{7E90004E-140E-4899-8F81-80639C272DDE}.Debug|x64.Build.0 = Debug|Any CPU
		{7E90004E-140E-4899-8F81-80639C272DDE}.Debug|x86.ActiveCfg = Debug|Any CPU
		{7E90004E-140E-4899-8F81-80639C272DDE}.Debug|x86.Build.0 = Debug|Any CPU
		{7E90004E-140E-4899-8F81-80639C272DDE}.Release|Any CPU.ActiveCfg = Release|Any CPU
		{7E90004E-140E-4899-8F81-80639C272DDE}.Release|Any CPU.Build.0 = Release|Any CPU
		{7E90004E-140E-4899-8F81-80639C272DDE}.Release|x64.ActiveCfg = Release|Any CPU
		{7E90004E-140E-4899-8F81-80639C272DDE}.Release|x64.Build.0 = Release|Any CPU
		{7E90004E-140E-4899-8F81-80639C272DDE}.Release|x86.ActiveCfg = Release|Any CPU
		{7E90004E-140E-4899-8F81-80639C272DDE}.Release|x86.Build.0 = Release|Any CPU
		{7F8F2827-215E-47FC-B191-03D3DEE340A9}.Debug|Any CPU.ActiveCfg = Debug|Any CPU
		{7F8F2827-215E-47FC-B191-03D3DEE340A9}.Debug|Any CPU.Build.0 = Debug|Any CPU
		{7F8F2827-215E-47FC-B191-03D3DEE340A9}.Debug|x64.ActiveCfg = Debug|Any CPU
		{7F8F2827-215E-47FC-B191-03D3DEE340A9}.Debug|x64.Build.0 = Debug|Any CPU
		{7F8F2827-215E-47FC-B191-03D3DEE340A9}.Debug|x86.ActiveCfg = Debug|Any CPU
		{7F8F2827-215E-47FC-B191-03D3DEE340A9}.Debug|x86.Build.0 = Debug|Any CPU
		{7F8F2827-215E-47FC-B191-03D3DEE340A9}.Release|Any CPU.ActiveCfg = Release|Any CPU
		{7F8F2827-215E-47FC-B191-03D3DEE340A9}.Release|Any CPU.Build.0 = Release|Any CPU
		{7F8F2827-215E-47FC-B191-03D3DEE340A9}.Release|x64.ActiveCfg = Release|Any CPU
		{7F8F2827-215E-47FC-B191-03D3DEE340A9}.Release|x64.Build.0 = Release|Any CPU
		{7F8F2827-215E-47FC-B191-03D3DEE340A9}.Release|x86.ActiveCfg = Release|Any CPU
		{7F8F2827-215E-47FC-B191-03D3DEE340A9}.Release|x86.Build.0 = Release|Any CPU
		{13246BAD-76A1-48A9-9225-F2A67E13C41B}.Debug|Any CPU.ActiveCfg = Debug|Any CPU
		{13246BAD-76A1-48A9-9225-F2A67E13C41B}.Debug|Any CPU.Build.0 = Debug|Any CPU
		{13246BAD-76A1-48A9-9225-F2A67E13C41B}.Debug|x64.ActiveCfg = Debug|Any CPU
		{13246BAD-76A1-48A9-9225-F2A67E13C41B}.Debug|x64.Build.0 = Debug|Any CPU
		{13246BAD-76A1-48A9-9225-F2A67E13C41B}.Debug|x86.ActiveCfg = Debug|Any CPU
		{13246BAD-76A1-48A9-9225-F2A67E13C41B}.Debug|x86.Build.0 = Debug|Any CPU
		{13246BAD-76A1-48A9-9225-F2A67E13C41B}.Release|Any CPU.ActiveCfg = Release|Any CPU
		{13246BAD-76A1-48A9-9225-F2A67E13C41B}.Release|Any CPU.Build.0 = Release|Any CPU
		{13246BAD-76A1-48A9-9225-F2A67E13C41B}.Release|x64.ActiveCfg = Release|Any CPU
		{13246BAD-76A1-48A9-9225-F2A67E13C41B}.Release|x64.Build.0 = Release|Any CPU
		{13246BAD-76A1-48A9-9225-F2A67E13C41B}.Release|x86.ActiveCfg = Release|Any CPU
		{13246BAD-76A1-48A9-9225-F2A67E13C41B}.Release|x86.Build.0 = Release|Any CPU
		{3CD5FBEA-D005-4E6A-9D0E-F3B672656E8C}.Debug|Any CPU.ActiveCfg = Debug|Any CPU
		{3CD5FBEA-D005-4E6A-9D0E-F3B672656E8C}.Debug|Any CPU.Build.0 = Debug|Any CPU
		{3CD5FBEA-D005-4E6A-9D0E-F3B672656E8C}.Debug|x64.ActiveCfg = Debug|Any CPU
		{3CD5FBEA-D005-4E6A-9D0E-F3B672656E8C}.Debug|x64.Build.0 = Debug|Any CPU
		{3CD5FBEA-D005-4E6A-9D0E-F3B672656E8C}.Debug|x86.ActiveCfg = Debug|Any CPU
		{3CD5FBEA-D005-4E6A-9D0E-F3B672656E8C}.Debug|x86.Build.0 = Debug|Any CPU
		{3CD5FBEA-D005-4E6A-9D0E-F3B672656E8C}.Release|Any CPU.ActiveCfg = Release|Any CPU
		{3CD5FBEA-D005-4E6A-9D0E-F3B672656E8C}.Release|Any CPU.Build.0 = Release|Any CPU
		{3CD5FBEA-D005-4E6A-9D0E-F3B672656E8C}.Release|x64.ActiveCfg = Release|Any CPU
		{3CD5FBEA-D005-4E6A-9D0E-F3B672656E8C}.Release|x64.Build.0 = Release|Any CPU
		{3CD5FBEA-D005-4E6A-9D0E-F3B672656E8C}.Release|x86.ActiveCfg = Release|Any CPU
		{3CD5FBEA-D005-4E6A-9D0E-F3B672656E8C}.Release|x86.Build.0 = Release|Any CPU
	EndGlobalSection
EndGlobal
